Microsoft Visual Studio Solution File, Format Version 12.00
# Visual Studio Version 17
VisualStudioVersion = 17.1.32228.430
MinimumVisualStudioVersion = 10.0.40219.1
Project("{8BC9CEB8-8B4A-11D0-8D11-00A0C91BC942}") = "SystemHookCore", "SystemHookCore\SystemHookCore.vcxproj", "{A558485A-58F7-4748-A0BE-EE1BB01732F5}"
EndProject
Project("{FAE04EC0-301F-11D3-BF4B-00C04F79EFBC}") = "Zappy.ManagedHooks", "ManagedHooks\Zappy.ManagedHooks.csproj", "{C88B254C-9091-4D14-B8CE-8A79135E9DA0}"
	ProjectSection(ProjectDependencies) = postProject
		{A558485A-58F7-4748-A0BE-EE1BB01732F5} = {A558485A-58F7-4748-A0BE-EE1BB01732F5}
	EndProjectSection
EndProject
Project("{FAE04EC0-301F-11D3-BF4B-00C04F79EFBC}") = "ZappyPlaybackHelper", "ZappyPlaybackHelper\ZappyPlaybackHelper.csproj", "{074B6A9E-5BCA-4524-BF50-812CEFFEFC70}"
	ProjectSection(ProjectDependencies) = postProject
		{A558485A-58F7-4748-A0BE-EE1BB01732F5} = {A558485A-58F7-4748-A0BE-EE1BB01732F5}
		{8CD422B9-C41E-40C6-9D56-F6573D4CAD6C} = {8CD422B9-C41E-40C6-9D56-F6573D4CAD6C}
	EndProjectSection
EndProject
Project("{FAE04EC0-301F-11D3-BF4B-00C04F79EFBC}") = "ZappyChromeNativeConsole", "ZappyChromeNativeConsole\ZappyChromeNativeConsole.csproj", "{C23CBA2A-864E-42C4-A763-1644608435E4}"
EndProject
Project("{FAE04EC0-301F-11D3-BF4B-00C04F79EFBC}") = "ZappyExcelAddIn", "ZappyExcelAddIn\ZappyExcelAddIn.csproj", "{0CB70E56-F469-4CEF-BF09-74A8B1F3C141}"
EndProject
Project("{FAE04EC0-301F-11D3-BF4B-00C04F79EFBC}") = "ZappyOutlookAddIn", "ZapppyOutlookAddIn\ZappyOutlookAddIn.csproj", "{0AED3E26-CF2F-47D5-A42A-A93D8A85EF1F}"
EndProject
Project("{FAE04EC0-301F-11D3-BF4B-00C04F79EFBC}") = "ZappyLogger", "Logger\ZappyLogger.csproj", "{F0C0D370-F416-44ED-939A-B4827D15AC14}"
EndProject
Project("{8BC9CEB8-8B4A-11D0-8D11-00A0C91BC942}") = "ZappyDriver", "KeyboardDriver\KeyboardDriver.vcxproj", "{8CD422B9-C41E-40C6-9D56-F6573D4CAD6C}"
EndProject
Project("{FAE04EC0-301F-11D3-BF4B-00C04F79EFBC}") = "Zappy.SharedInterface", "SharedZappyInterface\Zappy.SharedInterface.csproj", "{8223E053-4E73-4C16-AC73-E57658B61986}"
EndProject
Project("{FAE04EC0-301F-11D3-BF4B-00C04F79EFBC}") = "ZappyMessages", "ZappyMessages\ZappyMessages.csproj", "{95BEC3F7-55D1-465D-AE41-7B5484A6A245}"
EndProject
Project("{FAE04EC0-301F-11D3-BF4B-00C04F79EFBC}") = "Zappy", "Zappy\Zappy.csproj", "{DFA4ADF2-CC7E-44E7-9DD0-0A16647AE878}"
EndProject
Project("{54435603-DBB4-11D2-8724-00A0C9A8B90C}") = "ZapAutomationInstaller", "ZapAutomationInstaller\ZapAutomationInstaller.vdproj", "{B752F519-41DC-4893-BEF6-2435DE1F9E04}"
EndProject
Global
	GlobalSection(SolutionConfigurationPlatforms) = preSolution
		Debug|Any CPU = Debug|Any CPU
		Debug|x64 = Debug|x64
		Debug|x86 = Debug|x86
		Legacy4|Any CPU = Legacy4|Any CPU
		Legacy4|x64 = Legacy4|x64
		Legacy4|x86 = Legacy4|x86
		Release|Any CPU = Release|Any CPU
		Release|x64 = Release|x64
		Release|x86 = Release|x86
	EndGlobalSection
	GlobalSection(ProjectConfigurationPlatforms) = postSolution
		{A558485A-58F7-4748-A0BE-EE1BB01732F5}.Debug|Any CPU.ActiveCfg = Debug|Win32
		{A558485A-58F7-4748-A0BE-EE1BB01732F5}.Debug|Any CPU.Build.0 = Debug|Win32
		{A558485A-58F7-4748-A0BE-EE1BB01732F5}.Debug|x64.ActiveCfg = Debug|x64
		{A558485A-58F7-4748-A0BE-EE1BB01732F5}.Debug|x64.Build.0 = Debug|x64
		{A558485A-58F7-4748-A0BE-EE1BB01732F5}.Debug|x86.ActiveCfg = Debug|Win32
		{A558485A-58F7-4748-A0BE-EE1BB01732F5}.Debug|x86.Build.0 = Debug|Win32
		{A558485A-58F7-4748-A0BE-EE1BB01732F5}.Legacy4|Any CPU.ActiveCfg = Legacy4|Win32
		{A558485A-58F7-4748-A0BE-EE1BB01732F5}.Legacy4|x64.ActiveCfg = Legacy4|x64
		{A558485A-58F7-4748-A0BE-EE1BB01732F5}.Legacy4|x64.Build.0 = Legacy4|x64
		{A558485A-58F7-4748-A0BE-EE1BB01732F5}.Legacy4|x86.ActiveCfg = Legacy4|Win32
		{A558485A-58F7-4748-A0BE-EE1BB01732F5}.Legacy4|x86.Build.0 = Legacy4|Win32
		{A558485A-58F7-4748-A0BE-EE1BB01732F5}.Release|Any CPU.ActiveCfg = Release|Win32
		{A558485A-58F7-4748-A0BE-EE1BB01732F5}.Release|Any CPU.Build.0 = Release|Win32
		{A558485A-58F7-4748-A0BE-EE1BB01732F5}.Release|x64.ActiveCfg = Release|x64
		{A558485A-58F7-4748-A0BE-EE1BB01732F5}.Release|x64.Build.0 = Release|x64
		{A558485A-58F7-4748-A0BE-EE1BB01732F5}.Release|x86.ActiveCfg = Release|Win32
		{A558485A-58F7-4748-A0BE-EE1BB01732F5}.Release|x86.Build.0 = Release|Win32
		{C88B254C-9091-4D14-B8CE-8A79135E9DA0}.Debug|Any CPU.ActiveCfg = Debug|Any CPU
		{C88B254C-9091-4D14-B8CE-8A79135E9DA0}.Debug|Any CPU.Build.0 = Debug|Any CPU
		{C88B254C-9091-4D14-B8CE-8A79135E9DA0}.Debug|x64.ActiveCfg = Debug|x64
		{C88B254C-9091-4D14-B8CE-8A79135E9DA0}.Debug|x64.Build.0 = Debug|x64
		{C88B254C-9091-4D14-B8CE-8A79135E9DA0}.Debug|x86.ActiveCfg = Debug|x86
		{C88B254C-9091-4D14-B8CE-8A79135E9DA0}.Debug|x86.Build.0 = Debug|x86
		{C88B254C-9091-4D14-B8CE-8A79135E9DA0}.Legacy4|Any CPU.ActiveCfg = Legacy4|Any CPU
		{C88B254C-9091-4D14-B8CE-8A79135E9DA0}.Legacy4|Any CPU.Build.0 = Legacy4|Any CPU
		{C88B254C-9091-4D14-B8CE-8A79135E9DA0}.Legacy4|x64.ActiveCfg = Legacy4|x64
		{C88B254C-9091-4D14-B8CE-8A79135E9DA0}.Legacy4|x64.Build.0 = Legacy4|x64
		{C88B254C-9091-4D14-B8CE-8A79135E9DA0}.Legacy4|x86.ActiveCfg = Legacy4|x86
		{C88B254C-9091-4D14-B8CE-8A79135E9DA0}.Legacy4|x86.Build.0 = Legacy4|x86
		{C88B254C-9091-4D14-B8CE-8A79135E9DA0}.Release|Any CPU.ActiveCfg = Release|x86
		{C88B254C-9091-4D14-B8CE-8A79135E9DA0}.Release|Any CPU.Build.0 = Release|x86
		{C88B254C-9091-4D14-B8CE-8A79135E9DA0}.Release|x64.ActiveCfg = Release|x64
		{C88B254C-9091-4D14-B8CE-8A79135E9DA0}.Release|x64.Build.0 = Release|x64
		{C88B254C-9091-4D14-B8CE-8A79135E9DA0}.Release|x86.ActiveCfg = Release|x86
		{C88B254C-9091-4D14-B8CE-8A79135E9DA0}.Release|x86.Build.0 = Release|x86
		{074B6A9E-5BCA-4524-BF50-812CEFFEFC70}.Debug|Any CPU.ActiveCfg = Debug|x86
		{074B6A9E-5BCA-4524-BF50-812CEFFEFC70}.Debug|x64.ActiveCfg = Debug|x86
		{074B6A9E-5BCA-4524-BF50-812CEFFEFC70}.Debug|x86.ActiveCfg = Debug|x86
		{074B6A9E-5BCA-4524-BF50-812CEFFEFC70}.Debug|x86.Build.0 = Debug|x86
		{074B6A9E-5BCA-4524-BF50-812CEFFEFC70}.Legacy4|Any CPU.ActiveCfg = Release|x86
		{074B6A9E-5BCA-4524-BF50-812CEFFEFC70}.Legacy4|Any CPU.Build.0 = Release|x86
		{074B6A9E-5BCA-4524-BF50-812CEFFEFC70}.Legacy4|x64.ActiveCfg = Release|x86
		{074B6A9E-5BCA-4524-BF50-812CEFFEFC70}.Legacy4|x64.Build.0 = Release|x86
		{074B6A9E-5BCA-4524-BF50-812CEFFEFC70}.Legacy4|x86.ActiveCfg = Release|x86
		{074B6A9E-5BCA-4524-BF50-812CEFFEFC70}.Legacy4|x86.Build.0 = Release|x86
		{074B6A9E-5BCA-4524-BF50-812CEFFEFC70}.Release|Any CPU.ActiveCfg = Release|x86
		{074B6A9E-5BCA-4524-BF50-812CEFFEFC70}.Release|x64.ActiveCfg = Release|x86
		{074B6A9E-5BCA-4524-BF50-812CEFFEFC70}.Release|x86.ActiveCfg = Release|x86
		{074B6A9E-5BCA-4524-BF50-812CEFFEFC70}.Release|x86.Build.0 = Release|x86
		{C23CBA2A-864E-42C4-A763-1644608435E4}.Debug|Any CPU.ActiveCfg = Debug|Any CPU
		{C23CBA2A-864E-42C4-A763-1644608435E4}.Debug|Any CPU.Build.0 = Debug|Any CPU
		{C23CBA2A-864E-42C4-A763-1644608435E4}.Debug|x64.ActiveCfg = Debug|Any CPU
		{C23CBA2A-864E-42C4-A763-1644608435E4}.Debug|x64.Build.0 = Debug|Any CPU
		{C23CBA2A-864E-42C4-A763-1644608435E4}.Debug|x86.ActiveCfg = Debug|Any CPU
		{C23CBA2A-864E-42C4-A763-1644608435E4}.Debug|x86.Build.0 = Debug|Any CPU
		{C23CBA2A-864E-42C4-A763-1644608435E4}.Legacy4|Any CPU.ActiveCfg = Release|Any CPU
		{C23CBA2A-864E-42C4-A763-1644608435E4}.Legacy4|Any CPU.Build.0 = Release|Any CPU
		{C23CBA2A-864E-42C4-A763-1644608435E4}.Legacy4|x64.ActiveCfg = Release|Any CPU
		{C23CBA2A-864E-42C4-A763-1644608435E4}.Legacy4|x64.Build.0 = Release|Any CPU
		{C23CBA2A-864E-42C4-A763-1644608435E4}.Legacy4|x86.ActiveCfg = Release|Any CPU
		{C23CBA2A-864E-42C4-A763-1644608435E4}.Legacy4|x86.Build.0 = Release|Any CPU
		{C23CBA2A-864E-42C4-A763-1644608435E4}.Release|Any CPU.ActiveCfg = Release|Any CPU
		{C23CBA2A-864E-42C4-A763-1644608435E4}.Release|Any CPU.Build.0 = Release|Any CPU
		{C23CBA2A-864E-42C4-A763-1644608435E4}.Release|x64.ActiveCfg = Release|Any CPU
		{C23CBA2A-864E-42C4-A763-1644608435E4}.Release|x64.Build.0 = Release|Any CPU
		{C23CBA2A-864E-42C4-A763-1644608435E4}.Release|x86.ActiveCfg = Release|Any CPU
		{C23CBA2A-864E-42C4-A763-1644608435E4}.Release|x86.Build.0 = Release|Any CPU
		{0CB70E56-F469-4CEF-BF09-74A8B1F3C141}.Debug|Any CPU.ActiveCfg = Debug|Any CPU
		{0CB70E56-F469-4CEF-BF09-74A8B1F3C141}.Debug|Any CPU.Build.0 = Debug|Any CPU
		{0CB70E56-F469-4CEF-BF09-74A8B1F3C141}.Debug|x64.ActiveCfg = Debug|Any CPU
		{0CB70E56-F469-4CEF-BF09-74A8B1F3C141}.Debug|x64.Build.0 = Debug|Any CPU
		{0CB70E56-F469-4CEF-BF09-74A8B1F3C141}.Debug|x86.ActiveCfg = Debug|Any CPU
		{0CB70E56-F469-4CEF-BF09-74A8B1F3C141}.Debug|x86.Build.0 = Debug|Any CPU
		{0CB70E56-F469-4CEF-BF09-74A8B1F3C141}.Legacy4|Any CPU.ActiveCfg = Release|Any CPU
		{0CB70E56-F469-4CEF-BF09-74A8B1F3C141}.Legacy4|Any CPU.Build.0 = Release|Any CPU
		{0CB70E56-F469-4CEF-BF09-74A8B1F3C141}.Legacy4|x64.ActiveCfg = Release|Any CPU
		{0CB70E56-F469-4CEF-BF09-74A8B1F3C141}.Legacy4|x64.Build.0 = Release|Any CPU
		{0CB70E56-F469-4CEF-BF09-74A8B1F3C141}.Legacy4|x86.ActiveCfg = Release|Any CPU
		{0CB70E56-F469-4CEF-BF09-74A8B1F3C141}.Legacy4|x86.Build.0 = Release|Any CPU
		{0CB70E56-F469-4CEF-BF09-74A8B1F3C141}.Release|Any CPU.ActiveCfg = Release|Any CPU
		{0CB70E56-F469-4CEF-BF09-74A8B1F3C141}.Release|Any CPU.Build.0 = Release|Any CPU
		{0CB70E56-F469-4CEF-BF09-74A8B1F3C141}.Release|x64.ActiveCfg = Release|Any CPU
		{0CB70E56-F469-4CEF-BF09-74A8B1F3C141}.Release|x64.Build.0 = Release|Any CPU
		{0CB70E56-F469-4CEF-BF09-74A8B1F3C141}.Release|x86.ActiveCfg = Release|Any CPU
		{0CB70E56-F469-4CEF-BF09-74A8B1F3C141}.Release|x86.Build.0 = Release|Any CPU
		{0AED3E26-CF2F-47D5-A42A-A93D8A85EF1F}.Debug|Any CPU.ActiveCfg = Debug|Any CPU
		{0AED3E26-CF2F-47D5-A42A-A93D8A85EF1F}.Debug|Any CPU.Build.0 = Debug|Any CPU
		{0AED3E26-CF2F-47D5-A42A-A93D8A85EF1F}.Debug|x64.ActiveCfg = Debug|Any CPU
		{0AED3E26-CF2F-47D5-A42A-A93D8A85EF1F}.Debug|x64.Build.0 = Debug|Any CPU
		{0AED3E26-CF2F-47D5-A42A-A93D8A85EF1F}.Debug|x86.ActiveCfg = Debug|Any CPU
		{0AED3E26-CF2F-47D5-A42A-A93D8A85EF1F}.Debug|x86.Build.0 = Debug|Any CPU
		{0AED3E26-CF2F-47D5-A42A-A93D8A85EF1F}.Legacy4|Any CPU.ActiveCfg = Release|Any CPU
		{0AED3E26-CF2F-47D5-A42A-A93D8A85EF1F}.Legacy4|Any CPU.Build.0 = Release|Any CPU
		{0AED3E26-CF2F-47D5-A42A-A93D8A85EF1F}.Legacy4|x64.ActiveCfg = Release|Any CPU
		{0AED3E26-CF2F-47D5-A42A-A93D8A85EF1F}.Legacy4|x64.Build.0 = Release|Any CPU
		{0AED3E26-CF2F-47D5-A42A-A93D8A85EF1F}.Legacy4|x86.ActiveCfg = Release|Any CPU
		{0AED3E26-CF2F-47D5-A42A-A93D8A85EF1F}.Legacy4|x86.Build.0 = Release|Any CPU
		{0AED3E26-CF2F-47D5-A42A-A93D8A85EF1F}.Release|Any CPU.ActiveCfg = Release|Any CPU
		{0AED3E26-CF2F-47D5-A42A-A93D8A85EF1F}.Release|Any CPU.Build.0 = Release|Any CPU
		{0AED3E26-CF2F-47D5-A42A-A93D8A85EF1F}.Release|x64.ActiveCfg = Release|Any CPU
		{0AED3E26-CF2F-47D5-A42A-A93D8A85EF1F}.Release|x64.Build.0 = Release|Any CPU
		{0AED3E26-CF2F-47D5-A42A-A93D8A85EF1F}.Release|x86.ActiveCfg = Release|Any CPU
		{0AED3E26-CF2F-47D5-A42A-A93D8A85EF1F}.Release|x86.Build.0 = Release|Any CPU
		{F0C0D370-F416-44ED-939A-B4827D15AC14}.Debug|Any CPU.ActiveCfg = Debug|Any CPU
		{F0C0D370-F416-44ED-939A-B4827D15AC14}.Debug|Any CPU.Build.0 = Debug|Any CPU
		{F0C0D370-F416-44ED-939A-B4827D15AC14}.Debug|x64.ActiveCfg = Debug|Any CPU
		{F0C0D370-F416-44ED-939A-B4827D15AC14}.Debug|x64.Build.0 = Debug|Any CPU
		{F0C0D370-F416-44ED-939A-B4827D15AC14}.Debug|x86.ActiveCfg = Debug|Any CPU
		{F0C0D370-F416-44ED-939A-B4827D15AC14}.Debug|x86.Build.0 = Debug|Any CPU
		{F0C0D370-F416-44ED-939A-B4827D15AC14}.Legacy4|Any CPU.ActiveCfg = Release|Any CPU
		{F0C0D370-F416-44ED-939A-B4827D15AC14}.Legacy4|Any CPU.Build.0 = Release|Any CPU
		{F0C0D370-F416-44ED-939A-B4827D15AC14}.Legacy4|x64.ActiveCfg = Release|Any CPU
		{F0C0D370-F416-44ED-939A-B4827D15AC14}.Legacy4|x64.Build.0 = Release|Any CPU
		{F0C0D370-F416-44ED-939A-B4827D15AC14}.Legacy4|x86.ActiveCfg = Release|Any CPU
		{F0C0D370-F416-44ED-939A-B4827D15AC14}.Legacy4|x86.Build.0 = Release|Any CPU
		{F0C0D370-F416-44ED-939A-B4827D15AC14}.Release|Any CPU.ActiveCfg = Release|Any CPU
		{F0C0D370-F416-44ED-939A-B4827D15AC14}.Release|Any CPU.Build.0 = Release|Any CPU
		{F0C0D370-F416-44ED-939A-B4827D15AC14}.Release|x64.ActiveCfg = Release|Any CPU
		{F0C0D370-F416-44ED-939A-B4827D15AC14}.Release|x64.Build.0 = Release|Any CPU
		{F0C0D370-F416-44ED-939A-B4827D15AC14}.Release|x86.ActiveCfg = Release|Any CPU
		{F0C0D370-F416-44ED-939A-B4827D15AC14}.Release|x86.Build.0 = Release|Any CPU
		{8CD422B9-C41E-40C6-9D56-F6573D4CAD6C}.Debug|Any CPU.ActiveCfg = Debug|Win32
		{8CD422B9-C41E-40C6-9D56-F6573D4CAD6C}.Debug|x64.ActiveCfg = Debug|x64
		{8CD422B9-C41E-40C6-9D56-F6573D4CAD6C}.Debug|x64.Build.0 = Debug|x64
		{8CD422B9-C41E-40C6-9D56-F6573D4CAD6C}.Debug|x86.ActiveCfg = Debug|Win32
		{8CD422B9-C41E-40C6-9D56-F6573D4CAD6C}.Debug|x86.Build.0 = Debug|Win32
		{8CD422B9-C41E-40C6-9D56-F6573D4CAD6C}.Legacy4|Any CPU.ActiveCfg = Release|x64
		{8CD422B9-C41E-40C6-9D56-F6573D4CAD6C}.Legacy4|Any CPU.Build.0 = Release|x64
		{8CD422B9-C41E-40C6-9D56-F6573D4CAD6C}.Legacy4|x64.ActiveCfg = Release|x64
		{8CD422B9-C41E-40C6-9D56-F6573D4CAD6C}.Legacy4|x64.Build.0 = Release|x64
		{8CD422B9-C41E-40C6-9D56-F6573D4CAD6C}.Legacy4|x86.ActiveCfg = Release|Win32
		{8CD422B9-C41E-40C6-9D56-F6573D4CAD6C}.Legacy4|x86.Build.0 = Release|Win32
		{8CD422B9-C41E-40C6-9D56-F6573D4CAD6C}.Release|Any CPU.ActiveCfg = Release|Win32
		{8CD422B9-C41E-40C6-9D56-F6573D4CAD6C}.Release|x64.ActiveCfg = Release|x64
		{8CD422B9-C41E-40C6-9D56-F6573D4CAD6C}.Release|x64.Build.0 = Release|x64
		{8CD422B9-C41E-40C6-9D56-F6573D4CAD6C}.Release|x86.ActiveCfg = Release|Win32
		{8CD422B9-C41E-40C6-9D56-F6573D4CAD6C}.Release|x86.Build.0 = Release|Win32
		{8223E053-4E73-4C16-AC73-E57658B61986}.Debug|Any CPU.ActiveCfg = Debug|Any CPU
		{8223E053-4E73-4C16-AC73-E57658B61986}.Debug|Any CPU.Build.0 = Debug|Any CPU
		{8223E053-4E73-4C16-AC73-E57658B61986}.Debug|x64.ActiveCfg = Debug|Any CPU
		{8223E053-4E73-4C16-AC73-E57658B61986}.Debug|x64.Build.0 = Debug|Any CPU
		{8223E053-4E73-4C16-AC73-E57658B61986}.Debug|x86.ActiveCfg = Debug|Any CPU
		{8223E053-4E73-4C16-AC73-E57658B61986}.Debug|x86.Build.0 = Debug|Any CPU
		{8223E053-4E73-4C16-AC73-E57658B61986}.Legacy4|Any CPU.ActiveCfg = Release|Any CPU
		{8223E053-4E73-4C16-AC73-E57658B61986}.Legacy4|Any CPU.Build.0 = Release|Any CPU
		{8223E053-4E73-4C16-AC73-E57658B61986}.Legacy4|x64.ActiveCfg = Release|Any CPU
		{8223E053-4E73-4C16-AC73-E57658B61986}.Legacy4|x64.Build.0 = Release|Any CPU
		{8223E053-4E73-4C16-AC73-E57658B61986}.Legacy4|x86.ActiveCfg = Release|Any CPU
		{8223E053-4E73-4C16-AC73-E57658B61986}.Legacy4|x86.Build.0 = Release|Any CPU
		{8223E053-4E73-4C16-AC73-E57658B61986}.Release|Any CPU.ActiveCfg = Release|Any CPU
		{8223E053-4E73-4C16-AC73-E57658B61986}.Release|Any CPU.Build.0 = Release|Any CPU
		{8223E053-4E73-4C16-AC73-E57658B61986}.Release|x64.ActiveCfg = Release|Any CPU
		{8223E053-4E73-4C16-AC73-E57658B61986}.Release|x64.Build.0 = Release|Any CPU
		{8223E053-4E73-4C16-AC73-E57658B61986}.Release|x86.ActiveCfg = Release|Any CPU
		{8223E053-4E73-4C16-AC73-E57658B61986}.Release|x86.Build.0 = Release|Any CPU
		{95BEC3F7-55D1-465D-AE41-7B5484A6A245}.Debug|Any CPU.ActiveCfg = Debug|Any CPU
		{95BEC3F7-55D1-465D-AE41-7B5484A6A245}.Debug|Any CPU.Build.0 = Debug|Any CPU
		{95BEC3F7-55D1-465D-AE41-7B5484A6A245}.Debug|x64.ActiveCfg = Debug|Any CPU
		{95BEC3F7-55D1-465D-AE41-7B5484A6A245}.Debug|x64.Build.0 = Debug|Any CPU
		{95BEC3F7-55D1-465D-AE41-7B5484A6A245}.Debug|x86.ActiveCfg = Debug|x86
		{95BEC3F7-55D1-465D-AE41-7B5484A6A245}.Debug|x86.Build.0 = Debug|x86
		{95BEC3F7-55D1-465D-AE41-7B5484A6A245}.Legacy4|Any CPU.ActiveCfg = Legacy4|Any CPU
		{95BEC3F7-55D1-465D-AE41-7B5484A6A245}.Legacy4|Any CPU.Build.0 = Legacy4|Any CPU
		{95BEC3F7-55D1-465D-AE41-7B5484A6A245}.Legacy4|x64.ActiveCfg = Legacy4|Any CPU
		{95BEC3F7-55D1-465D-AE41-7B5484A6A245}.Legacy4|x64.Build.0 = Legacy4|Any CPU
		{95BEC3F7-55D1-465D-AE41-7B5484A6A245}.Legacy4|x86.ActiveCfg = Legacy4|x86
		{95BEC3F7-55D1-465D-AE41-7B5484A6A245}.Legacy4|x86.Build.0 = Legacy4|x86
		{95BEC3F7-55D1-465D-AE41-7B5484A6A245}.Release|Any CPU.ActiveCfg = Release|Any CPU
		{95BEC3F7-55D1-465D-AE41-7B5484A6A245}.Release|Any CPU.Build.0 = Release|Any CPU
		{95BEC3F7-55D1-465D-AE41-7B5484A6A245}.Release|x64.ActiveCfg = Release|Any CPU
		{95BEC3F7-55D1-465D-AE41-7B5484A6A245}.Release|x64.Build.0 = Release|Any CPU
		{95BEC3F7-55D1-465D-AE41-7B5484A6A245}.Release|x86.ActiveCfg = Release|x86
		{95BEC3F7-55D1-465D-AE41-7B5484A6A245}.Release|x86.Build.0 = Release|x86
		{DFA4ADF2-CC7E-44E7-9DD0-0A16647AE878}.Debug|Any CPU.ActiveCfg = Debug|Any CPU
		{DFA4ADF2-CC7E-44E7-9DD0-0A16647AE878}.Debug|Any CPU.Build.0 = Debug|Any CPU
		{DFA4ADF2-CC7E-44E7-9DD0-0A16647AE878}.Debug|x64.ActiveCfg = Debug|x64
		{DFA4ADF2-CC7E-44E7-9DD0-0A16647AE878}.Debug|x64.Build.0 = Debug|x64
		{DFA4ADF2-CC7E-44E7-9DD0-0A16647AE878}.Debug|x86.ActiveCfg = Debug|x86
		{DFA4ADF2-CC7E-44E7-9DD0-0A16647AE878}.Debug|x86.Build.0 = Debug|x86
		{DFA4ADF2-CC7E-44E7-9DD0-0A16647AE878}.Legacy4|Any CPU.ActiveCfg = Legacy4|Any CPU
		{DFA4ADF2-CC7E-44E7-9DD0-0A16647AE878}.Legacy4|Any CPU.Build.0 = Legacy4|Any CPU
		{DFA4ADF2-CC7E-44E7-9DD0-0A16647AE878}.Legacy4|x64.ActiveCfg = Legacy4|x64
		{DFA4ADF2-CC7E-44E7-9DD0-0A16647AE878}.Legacy4|x64.Build.0 = Legacy4|x64
		{DFA4ADF2-CC7E-44E7-9DD0-0A16647AE878}.Legacy4|x86.ActiveCfg = Legacy4|x86
		{DFA4ADF2-CC7E-44E7-9DD0-0A16647AE878}.Legacy4|x86.Build.0 = Legacy4|x86
		{DFA4ADF2-CC7E-44E7-9DD0-0A16647AE878}.Release|Any CPU.ActiveCfg = Release|Any CPU
		{DFA4ADF2-CC7E-44E7-9DD0-0A16647AE878}.Release|Any CPU.Build.0 = Release|Any CPU
		{DFA4ADF2-CC7E-44E7-9DD0-0A16647AE878}.Release|x64.ActiveCfg = Release|x64
		{DFA4ADF2-CC7E-44E7-9DD0-0A16647AE878}.Release|x64.Build.0 = Release|x64
		{DFA4ADF2-CC7E-44E7-9DD0-0A16647AE878}.Release|x86.ActiveCfg = Release|x86
		{DFA4ADF2-CC7E-44E7-9DD0-0A16647AE878}.Release|x86.Build.0 = Release|x86
		{B752F519-41DC-4893-BEF6-2435DE1F9E04}.Debug|Any CPU.ActiveCfg = Debug
		{B752F519-41DC-4893-BEF6-2435DE1F9E04}.Debug|x64.ActiveCfg = Debug
		{B752F519-41DC-4893-BEF6-2435DE1F9E04}.Debug|x86.ActiveCfg = Debug
		{B752F519-41DC-4893-BEF6-2435DE1F9E04}.Legacy4|Any CPU.ActiveCfg = Debug
		{B752F519-41DC-4893-BEF6-2435DE1F9E04}.Legacy4|x64.ActiveCfg = Debug
		{B752F519-41DC-4893-BEF6-2435DE1F9E04}.Legacy4|x86.ActiveCfg = Debug
		{B752F519-41DC-4893-BEF6-2435DE1F9E04}.Release|Any CPU.ActiveCfg = Release
		{B752F519-41DC-4893-BEF6-2435DE1F9E04}.Release|x64.ActiveCfg = Release
		{B752F519-41DC-4893-BEF6-2435DE1F9E04}.Release|x86.ActiveCfg = Release
	EndGlobalSection
	GlobalSection(SolutionProperties) = preSolution
		HideSolutionNode = FALSE
	EndGlobalSection
	GlobalSection(ExtensibilityGlobals) = postSolution
		SolutionGuid = {64365747-C3AB-4166-8160-EE2493FF1C3D}
	EndGlobalSection
EndGlobal
